
Microsoft Visual Studio Solution File, Format Version 12.00
# Visual Studio Version 16
VisualStudioVersion = 16.0.32428.217
MinimumVisualStudioVersion = 10.0.40219.1
Project("{9A19103F-16F7-4668-BE54-9A1E7A4F7556}") = "Runner", "Runner\Runner.csproj", "{DDBFDFAE-C96B-467F-B412-ABA2F893B805}"
EndProject
Global
	GlobalSection(SolutionConfigurationPlatforms) = preSolution
		Debug|Any CPU = Debug|Any CPU
		Release|Any CPU = Release|Any CPU
	EndGlobalSection
	GlobalSection(ProjectConfigurationPlatforms) = postSolution
		{DDBFDFAE-C96B-467F-B412-ABA2F893B805}.Debug|Any CPU.ActiveCfg = Debug|Any CPU
		{DDBFDFAE-C96B-467F-B412-ABA2F893B805}.Debug|Any CPU.Build.0 = Debug|Any CPU
		{DDBFDFAE-C96B-467F-B412-ABA2F893B805}.Release|Any CPU.ActiveCfg = Release|Any CPU
		{DDBFDFAE-C96B-467F-B412-ABA2F893B805}.Release|Any CPU.Build.0 = Release|Any CPU
	EndGlobalSection
	GlobalSection(SolutionProperties) = preSolution
		HideSolutionNode = FALSE
	EndGlobalSection
	GlobalSection(ExtensibilityGlobals) = postSolution
		SolutionGuid = {7428AAD3-2B46-4A9D-A1E9-8CE6190E2760}
	EndGlobalSection
EndGlobal
